
Microsoft Visual Studio Solution File, Format Version 12.00
# Visual Studio Version 17
VisualStudioVersion = 17.0.31903.59
MinimumVisualStudioVersion = 10.0.40219.1
Project("{9A19103F-16F7-4668-BE54-9A1E7A4F7556}") = "MediaManager.API", "MediaManager.API.csproj", "{065462E7-FA53-4CCB-978D-E3F0AA7612D3}"
EndProject
Project("{2150E333-8FDC-42A3-9474-1A3956D46DE8}") = "SolutionItems", "SolutionItems", "{459037CF-604D-479E-B2F0-1A68B8387D9D}"
	ProjectSection(SolutionItems) = preProject
		MediaManagerAPI_NOTES.txt = MediaManagerAPI_NOTES.txt
	EndProjectSection
EndProject
Global
	GlobalSection(SolutionConfigurationPlatforms) = preSolution
		Debug|Any CPU = Debug|Any CPU
		Release|Any CPU = Release|Any CPU
	EndGlobalSection
	GlobalSection(ProjectConfigurationPlatforms) = postSolution
		{065462E7-FA53-4CCB-978D-E3F0AA7612D3}.Debug|Any CPU.ActiveCfg = Debug|Any CPU
		{065462E7-FA53-4CCB-978D-E3F0AA7612D3}.Debug|Any CPU.Build.0 = Debug|Any CPU
		{065462E7-FA53-4CCB-978D-E3F0AA7612D3}.Release|Any CPU.ActiveCfg = Release|Any CPU
		{065462E7-FA53-4CCB-978D-E3F0AA7612D3}.Release|Any CPU.Build.0 = Release|Any CPU
	EndGlobalSection
	GlobalSection(SolutionProperties) = preSolution
		HideSolutionNode = FALSE
	EndGlobalSection
	GlobalSection(ExtensibilityGlobals) = postSolution
		SolutionGuid = {B68EF627-156C-42C0-B696-31A30C85B692}
	EndGlobalSection
EndGlobal
